// !$*UTF8*$!
{
	archiveVersion = 1;
	classes = {
	};
	objectVersion = 46;
	objects = {

/* Begin PBXBuildFile section */
		8BCA342F1DA93EFD003EBCCC /* main.m in Sources */ = {isa = PBXBuildFile; fileRef = 8BCA342E1DA93EFD003EBCCC /* main.m */; };
		8BCA34321DA93EFD003EBCCC /* AppDelegate.m in Sources */ = {isa = PBXBuildFile; fileRef = 8BCA34311DA93EFD003EBCCC /* AppDelegate.m */; };
		8BCA34351DA93EFD003EBCCC /* ViewController.m in Sources */ = {isa = PBXBuildFile; fileRef = 8BCA34341DA93EFD003EBCCC /* ViewController.m */; };
		8BCA34381DA93EFD003EBCCC /* Main.storyboard in Resources */ = {isa = PBXBuildFile; fileRef = 8BCA34361DA93EFD003EBCCC /* Main.storyboard */; };
		8BCA343A1DA93EFD003EBCCC /* Assets.xcassets in Resources */ = {isa = PBXBuildFile; fileRef = 8BCA34391DA93EFD003EBCCC /* Assets.xcassets */; };
		8BCA343D1DA93EFD003EBCCC /* LaunchScreen.storyboard in Resources */ = {isa = PBXBuildFile; fileRef = 8BCA343B1DA93EFD003EBCCC /* LaunchScreen.storyboard */; };
/* End PBXBuildFile section */

/* Begin PBXFileReference section */
		8BCA342A1DA93EFD003EBCCC /* BackgroundSender.app */ = {isa = PBXFileReference; explicitFileType = wrapper.application; includeInIndex = 0; path = BackgroundSender.app; sourceTree = BUILT_PRODUCTS_DIR; };
		8BCA342E1DA93EFD003EBCCC /* main.m */ = {isa = PBXFileReference; lastKnownFileType = sourcecode.c.objc; path = main.m; sourceTree = "<group>"; };
		8BCA34301DA93EFD003EBCCC /* AppDelegate.h */ = {isa = PBXFileReference; lastKnownFileType = sourcecode.c.h; path = AppDelegate.h; sourceTree = "<group>"; };
		8BCA34311DA93EFD003EBCCC /* AppDelegate.m */ = {isa = PBXFileReference; lastKnownFileType = sourcecode.c.objc; path = AppDelegate.m; sourceTree = "<group>"; };
		8BCA34331DA93EFD003EBCCC /* ViewController.h */ = {isa = PBXFileReference; lastKnownFileType = sourcecode.c.h; path = ViewController.h; sourceTree = "<group>"; };
		8BCA34341DA93EFD003EBCCC /* ViewController.m */ = {isa = PBXFileReference; lastKnownFileType = sourcecode.c.objc; path = ViewController.m; sourceTree = "<group>"; };
		8BCA34371DA93EFD003EBCCC /* Base */ = {isa = PBXFileReference; lastKnownFileType = file.storyboard; name = Base; path = Base.lproj/Main.storyboard; sourceTree = "<group>"; };
		8BCA34391DA93EFD003EBCCC /* Assets.xcassets */ = {isa = PBXFileReference; lastKnownFileType = folder.assetcatalog; path = Assets.xcassets; sourceTree = "<group>"; };
		8BCA343C1DA93EFD003EBCCC /* Base */ = {isa = PBXFileReference; lastKnownFileType = file.storyboard; name = Base; path = Base.lproj/LaunchScreen.storyboard; sourceTree = "<group>"; };
		8BCA343E1DA93EFD003EBCCC /* Info.plist */ = {isa = PBXFileReference; lastKnownFileType = text.plist.xml; path = Info.plist; sourceTree = "<group>"; };
/* End PBXFileReference section */

/* Begin PBXFrameworksBuildPhase section */
		8BCA34271DA93EFD003EBCCC /* Frameworks */ = {
			isa = PBXFrameworksBuildPhase;
			buildActionMask = 2147483647;
			files = (
			);
			runOnlyForDeploymentPostprocessing = 0;
		};
/* End PBXFrameworksBuildPhase section */

/* Begin PBXGroup section */
		8BCA34211DA93EFD003EBCCC = {
			isa = PBXGroup;
			children = (
				8BCA342C1DA93EFD003EBCCC /* BackgroundSender */,
				8BCA342B1DA93EFD003EBCCC /* Products */,
			);
			sourceTree = "<group>";
		};
		8BCA342B1DA93EFD003EBCCC /* Products */ = {
			isa = PBXGroup;
			children = (
				8BCA342A1DA93EFD003EBCCC /* BackgroundSender.app */,
			);
			name = Products;
			sourceTree = "<group>";
		};
		8BCA342C1DA93EFD003EBCCC /* BackgroundSender */ = {
			isa = PBXGroup;
			children = (
				8BCA34301DA93EFD003EBCCC /* AppDelegate.h */,
				8BCA34311DA93EFD003EBCCC /* AppDelegate.m */,
				8BCA34331DA93EFD003EBCCC /* ViewController.h */,
				8BCA34341DA93EFD003EBCCC /* ViewController.m */,
				8BCA34361DA93EFD003EBCCC /* Main.storyboard */,
				8BCA34391DA93EFD003EBCCC /* Assets.xcassets */,
				8BCA343B1DA93EFD003EBCCC /* LaunchScreen.storyboard */,
				8BCA343E1DA93EFD003EBCCC /* Info.plist */,
				8BCA342D1DA93EFD003EBCCC /* Supporting Files */,
			);
			path = BackgroundSender;
			sourceTree = "<group>";
		};
		8BCA342D1DA93EFD003EBCCC /* Supporting Files */ = {
			isa = PBXGroup;
			children = (
				8BCA342E1DA93EFD003EBCCC /* main.m */,
			);
			name = "Supporting Files";
			sourceTree = "<group>";
		};
/* End PBXGroup section */

/* Begin PBXNativeTarget section */
		8BCA34291DA93EFD003EBCCC /* BackgroundSender */ = {
			isa = PBXNativeTarget;
			buildConfigurationList = 8BCA34411DA93EFD003EBCCC /* Build configuration list for PBXNativeTarget "BackgroundSender" */;
			buildPhases = (
				8BCA34261DA93EFD003EBCCC /* Sources */,
				8BCA34271DA93EFD003EBCCC /* Frameworks */,
				8BCA34281DA93EFD003EBCCC /* Resources */,
			);
			buildRules = (
			);
			dependencies = (
			);
			name = BackgroundSender;
			productName = BackgroundSender;
			productReference = 8BCA342A1DA93EFD003EBCCC /* BackgroundSender.app */;
			productType = "com.apple.product-type.application";
		};
/* End PBXNativeTarget section */

/* Begin PBXProject section */
		8BCA34221DA93EFD003EBCCC /* Project object */ = {
			isa = PBXProject;
			attributes = {
				LastUpgradeCheck = 0800;
				ORGANIZATIONNAME = developer;
				TargetAttributes = {
					8BCA34291DA93EFD003EBCCC = {
						CreatedOnToolsVersion = 8.0;
						DevelopmentTeam = 6635PKS2GA;
						ProvisioningStyle = Automatic;
					};
				};
			};
			buildConfigurationList = 8BCA34251DA93EFD003EBCCC /* Build configuration list for PBXProject "BackgroundSender" */;
			compatibilityVersion = "Xcode 3.2";
			developmentRegion = English;
			hasScannedForEncodings = 0;
			knownRegions = (
				en,
				Base,
			);
			mainGroup = 8BCA34211DA93EFD003EBCCC;
			productRefGroup = 8BCA342B1DA93EFD003EBCCC /* Products */;
			projectDirPath = "";
			projectRoot = "";
			targets = (
				8BCA34291DA93EFD003EBCCC /* BackgroundSender */,
			);
		};
/* End PBXProject section */

/* Begin PBXResourcesBuildPhase section */
		8BCA34281DA93EFD003EBCCC /* Resources */ = {
			isa = PBXResourcesBuildPhase;
			buildActionMask = 2147483647;
			files = (
				8BCA343D1DA93EFD003EBCCC /* LaunchScreen.storyboard in Resources */,
				8BCA343A1DA93EFD003EBCCC /* Assets.xcassets in Resources */,
				8BCA34381DA93EFD003EBCCC /* Main.storyboard in Resources */,
			);
			runOnlyForDeploymentPostprocessing = 0;
		};
/* End PBXResourcesBuildPhase section */

/* Begin PBXSourcesBuildPhase section */
		8BCA34261DA93EFD003EBCCC /* Sources */ = {
			isa = PBXSourcesBuildPhase;
			buildActionMask = 2147483647;
			files = (
				8BCA34351DA93EFD003EBCCC /* ViewController.m in Sources */,
				8BCA34321DA93EFD003EBCCC /* AppDelegate.m in Sources */,
				8BCA342F1DA93EFD003EBCCC /* main.m in Sources */,
			);
			runOnlyForDeploymentPostprocessing = 0;
		};
/* End PBXSourcesBuildPhase section */

/* Begin PBXVariantGroup section */
		8BCA34361DA93EFD003EBCCC /* Main.storyboard */ = {
			isa = PBXVariantGroup;
			children = (
				8BCA34371DA93EFD003EBCCC /* Base */,
			);
			name = Main.storyboard;
			sourceTree = "<group>";
		};
		8BCA343B1DA93EFD003EBCCC /* LaunchScreen.storyboard */ = {
			isa = PBXVariantGroup;
			children = (
				8BCA343C1DA93EFD003EBCCC /* Base */,
			);
			name = LaunchScreen.storyboard;
			sourceTree = "<group>";
		};
/* End PBXVariantGroup section */

/* Begin XCBuildConfiguration section */
		8BCA343F1DA93EFD003EBCCC /* Debug */ = {
			isa = XCBuildConfiguration;
			buildSettings = {
				ALWAYS_SEARCH_USER_PATHS = NO;
				CLANG_ANALYZER_NONNULL = YES;
				CLANG_CXX_LANGUAGE_STANDARD = "gnu++0x";
				CLANG_CXX_LIBRARY = "libc++";
				CLANG_ENABLE_MODULES = YES;
				CLANG_ENABLE_OBJC_ARC = YES;
				CLANG_WARN_BOOL_CONVERSION = YES;
				CLANG_WARN_CONSTANT_CONVERSION = YES;
				CLANG_WARN_DIRECT_OBJC_ISA_USAGE = YES_ERROR;
				CLANG_WARN_DOCUMENTATION_COMMENTS = YES;
				CLANG_WARN_EMPTY_BODY = YES;
				CLANG_WARN_ENUM_CONVERSION = YES;
				CLANG_WARN_INFINITE_RECURSION = YES;
				CLANG_WARN_INT_CONVERSION = YES;
				CLANG_WARN_OBJC_ROOT_CLASS = YES_ERROR;
				CLANG_WARN_SUSPICIOUS_MOVES = YES;
				CLANG_WARN_UNREACHABLE_CODE = YES;
				CLANG_WARN__DUPLICATE_METHOD_MATCH = YES;
				"CODE_SIGN_IDENTITY[sdk=iphoneos*]" = "iPhone Developer";
				COPY_PHASE_STRIP = NO;
				DEBUG_INFORMATION_FORMAT = dwarf;
				ENABLE_STRICT_OBJC_MSGSEND = YES;
				ENABLE_TESTABILITY = YES;
				GCC_C_LANGUAGE_STANDARD = gnu99;
				GCC_DYNAMIC_NO_PIC = NO;
				GCC_NO_COMMON_BLOCKS = YES;
				GCC_OPTIMIZATION_LEVEL = 0;
				GCC_PREPROCESSOR_DEFINITIONS = (
					"DEBUG=1",
					"$(inherited)",
				);
				GCC_WARN_64_TO_32_BIT_CONVERSION = YES;
				GCC_WARN_ABOUT_RETURN_TYPE = YES_ERROR;
				GCC_WARN_UNDECLARED_SELECTOR = YES;
				GCC_WARN_UNINITIALIZED_AUTOS = YES_AGGRESSIVE;
				GCC_WARN_UNUSED_FUNCTION = YES;
				GCC_WARN_UNUSED_VARIABLE = YES;
				IPHONEOS_DEPLOYMENT_TARGET = 10.0;
				MTL_ENABLE_DEBUG_INFO = YES;
				ONLY_ACTIVE_ARCH = YES;
				SDKROOT = iphoneos;
			};
			name = Debug;
		};
		8BCA34401DA93EFD003EBCCC /* Release */ = {
			isa = XCBuildConfiguration;
			buildSettings = {
				ALWAYS_SEARCH_USER_PATHS = NO;
				CLANG_ANALYZER_NONNULL = YES;
				CLANG_CXX_LANGUAGE_STANDARD = "gnu++0x";
				CLANG_CXX_LIBRARY = "libc++";
				CLANG_ENABLE_MODULES = YES;
				CLANG_ENABLE_OBJC_ARC = YES;
				CLANG_WARN_BOOL_CONVERSION = YES;
				CLANG_WARN_CONSTANT_CONVERSION = YES;
				CLANG_WARN_DIRECT_OBJC_ISA_USAGE = YES_ERROR;
				CLANG_WARN_DOCUMENTATION_COMMENTS = YES;
				CLANG_WARN_EMPTY_BODY = YES;
				CLANG_WARN_ENUM_CONVERSION = YES;
				CLANG_WARN_INFINITE_RECURSION = YES;
				CLANG_WARN_INT_CONVERSION = YES;
				CLANG_WARN_OBJC_ROOT_CLASS = YES_ERROR;
				CLANG_WARN_SUSPICIOUS_MOVES = YES;
				CLANG_WARN_UNREACHABLE_CODE = YES;
				CLANG_WARN__DUPLICATE_METHOD_MATCH = YES;
				"CODE_SIGN_IDENTITY[sdk=iphoneos*]" = "iPhone Developer";
				COPY_PHASE_STRIP = NO;
				DEBUG_INFORMATION_FORMAT = "dwarf-with-dsym";
				ENABLE_NS_ASSERTIONS = NO;
				ENABLE_STRICT_OBJC_MSGSEND = YES;
				GCC_C_LANGUAGE_STANDARD = gnu99;
				GCC_NO_COMMON_BLOCKS = YES;
				GCC_WARN_64_TO_32_BIT_CONVERSION = YES;
				GCC_WARN_ABOUT_RETURN_TYPE = YES_ERROR;
				GCC_WARN_UNDECLARED_SELECTOR = YES;
				GCC_WARN_UNINITIALIZED_AUTOS = YES_AGGRESSIVE;
				GCC_WARN_UNUSED_FUNCTION = YES;
				GCC_WARN_UNUSED_VARIABLE = YES;
				IPHONEOS_DEPLOYMENT_TARGET = 10.0;
				MTL_ENABLE_DEBUG_INFO = NO;
				SDKROOT = iphoneos;
				VALIDATE_PRODUCT = YES;
			};
			name = Release;
		};
		8BCA34421DA93EFD003EBCCC /* Debug */ = {
			isa = XCBuildConfiguration;
			buildSettings = {
				ASSETCATALOG_COMPILER_APPICON_NAME = AppIcon;
				DEVELOPMENT_TEAM = 6635PKS2GA;
				INFOPLIST_FILE = BackgroundSender/Info.plist;
				IPHONEOS_DEPLOYMENT_TARGET = 8.0;
				LD_RUNPATH_SEARCH_PATHS = "$(inherited) @executable_path/Frameworks";
				PRODUCT_BUNDLE_IDENTIFIER = com.developer.BackgroundSender;
				PRODUCT_NAME = "$(TARGET_NAME)";
			};
			name = Debug;
		};
		8BCA34431DA93EFD003EBCCC /* Release */ = {
			isa = XCBuildConfiguration;
			buildSettings = {
				ASSETCATALOG_COMPILER_APPICON_NAME = AppIcon;
				DEVELOPMENT_TEAM = 6635PKS2GA;
				INFOPLIST_FILE = BackgroundSender/Info.plist;
				IPHONEOS_DEPLOYMENT_TARGET = 8.0;
				LD_RUNPATH_SEARCH_PATHS = "$(inherited) @executable_path/Frameworks";
				PRODUCT_BUNDLE_IDENTIFIER = com.developer.BackgroundSender;
				PRODUCT_NAME = "$(TARGET_NAME)";
			};
			name = Release;
		};
/* End XCBuildConfiguration section */

/* Begin XCConfigurationList section */
		8BCA34251DA93EFD003EBCCC /* Build configuration list for PBXProject "BackgroundSender" */ = {
			isa = XCConfigurationList;
			buildConfigurations = (
				8BCA343F1DA93EFD003EBCCC /* Debug */,
				8BCA34401DA93EFD003EBCCC /* Release */,
			);
			defaultConfigurationIsVisible = 0;
			defaultConfigurationName = Release;
		};
		8BCA34411DA93EFD003EBCCC /* Build configuration list for PBXNativeTarget "BackgroundSender" */ = {
			isa = XCConfigurationList;
			buildConfigurations = (
				8BCA34421DA93EFD003EBCCC /* Debug */,
				8BCA34431DA93EFD003EBCCC /* Release */,
			);
			defaultConfigurationIsVisible = 0;
		};
/* End XCConfigurationList section */
	};
	rootObject = 8BCA34221DA93EFD003EBCCC /* Project object */;
}
